
Microsoft Visual Studio Solution File, Format Version 12.00
# Visual Studio Version 16
VisualStudioVersion = 16.0.30621.155
MinimumVisualStudioVersion = 10.0.40219.1
Project("{9A19103F-16F7-4668-BE54-9A1E7A4F7556}") = "TrickingLibrary.Api", "TrickingLibrary.Api\TrickingLibrary.Api.csproj", "{36BC640A-FEE7-4C35-8505-C37A20045D2F}"
EndProject
Global
	GlobalSection(SolutionConfigurationPlatforms) = preSolution
		Debug|Any CPU = Debug|Any CPU
		Release|Any CPU = Release|Any CPU
	EndGlobalSection
	GlobalSection(ProjectConfigurationPlatforms) = postSolution
		{36BC640A-FEE7-4C35-8505-C37A20045D2F}.Debug|Any CPU.ActiveCfg = Debug|Any CPU
		{36BC640A-FEE7-4C35-8505-C37A20045D2F}.Debug|Any CPU.Build.0 = Debug|Any CPU
		{36BC640A-FEE7-4C35-8505-C37A20045D2F}.Release|Any CPU.ActiveCfg = Release|Any CPU
		{36BC640A-FEE7-4C35-8505-C37A20045D2F}.Release|Any CPU.Build.0 = Release|Any CPU
	EndGlobalSection
	GlobalSection(SolutionProperties) = preSolution
		HideSolutionNode = FALSE
	EndGlobalSection
	GlobalSection(ExtensibilityGlobals) = postSolution
		SolutionGuid = {16C8BD06-F74C-4F17-AD9E-AED63527349E}
	EndGlobalSection
EndGlobal
